// !$*UTF8*$!
{
	archiveVersion = 1;
	classes = {
	};
	objectVersion = 56;
	objects = {

/* Begin PBXBuildFile section */
		C6460FA529CEF74100231370 /* SVG_AnimationApp.swift in Sources */ = {isa = PBXBuildFile; fileRef = C6460FA429CEF74100231370 /* SVG_AnimationApp.swift */; };
		C6460FA729CEF74100231370 /* ContentView.swift in Sources */ = {isa = PBXBuildFile; fileRef = C6460FA629CEF74100231370 /* ContentView.swift */; };
		C6460FA929CEF74200231370 /* Assets.xcassets in Resources */ = {isa = PBXBuildFile; fileRef = C6460FA829CEF74200231370 /* Assets.xcassets */; };
		C6460FAC29CEF74200231370 /* Preview Assets.xcassets in Resources */ = {isa = PBXBuildFile; fileRef = C6460FAB29CEF74200231370 /* Preview Assets.xcassets */; };
		C6460FB829CEFA5300231370 /* ShapeView.swift in Sources */ = {isa = PBXBuildFile; fileRef = C6460FB729CEFA5300231370 /* ShapeView.swift */; };
		C676CD3629CF0E6C005440B7 /* SVG2Path in Frameworks */ = {isa = PBXBuildFile; productRef = C676CD3529CF0E6C005440B7 /* SVG2Path */; };
		C676CD3829CF1077005440B7 /* Path+Extension.swift in Sources */ = {isa = PBXBuildFile; fileRef = C676CD3729CF1077005440B7 /* Path+Extension.swift */; };
		C676CD3B29CF110F005440B7 /* SVG2Path+Extension.swift in Sources */ = {isa = PBXBuildFile; fileRef = C676CD3A29CF110F005440B7 /* SVG2Path+Extension.swift */; };
		C676CD3D29CF1547005440B7 /* UIColor+Extension.swift in Sources */ = {isa = PBXBuildFile; fileRef = C676CD3C29CF1547005440B7 /* UIColor+Extension.swift */; };
/* End PBXBuildFile section */

/* Begin PBXFileReference section */
		C6460FA129CEF74100231370 /* SVG-Animation.app */ = {isa = PBXFileReference; explicitFileType = wrapper.application; includeInIndex = 0; path = "SVG-Animation.app"; sourceTree = BUILT_PRODUCTS_DIR; };
		C6460FA429CEF74100231370 /* SVG_AnimationApp.swift */ = {isa = PBXFileReference; lastKnownFileType = sourcecode.swift; path = SVG_AnimationApp.swift; sourceTree = "<group>"; };
		C6460FA629CEF74100231370 /* ContentView.swift */ = {isa = PBXFileReference; lastKnownFileType = sourcecode.swift; path = ContentView.swift; sourceTree = "<group>"; };
		C6460FA829CEF74200231370 /* Assets.xcassets */ = {isa = PBXFileReference; lastKnownFileType = folder.assetcatalog; path = Assets.xcassets; sourceTree = "<group>"; };
		C6460FAB29CEF74200231370 /* Preview Assets.xcassets */ = {isa = PBXFileReference; lastKnownFileType = folder.assetcatalog; path = "Preview Assets.xcassets"; sourceTree = "<group>"; };
		C6460FB729CEFA5300231370 /* ShapeView.swift */ = {isa = PBXFileReference; lastKnownFileType = sourcecode.swift; path = ShapeView.swift; sourceTree = "<group>"; };
		C676CD3729CF1077005440B7 /* Path+Extension.swift */ = {isa = PBXFileReference; lastKnownFileType = sourcecode.swift; path = "Path+Extension.swift"; sourceTree = "<group>"; };
		C676CD3A29CF110F005440B7 /* SVG2Path+Extension.swift */ = {isa = PBXFileReference; lastKnownFileType = sourcecode.swift; path = "SVG2Path+Extension.swift"; sourceTree = "<group>"; };
		C676CD3C29CF1547005440B7 /* UIColor+Extension.swift */ = {isa = PBXFileReference; fileEncoding = 4; lastKnownFileType = sourcecode.swift; path = "UIColor+Extension.swift"; sourceTree = "<group>"; };
/* End PBXFileReference section */

/* Begin PBXFrameworksBuildPhase section */
		C6460F9E29CEF74100231370 /* Frameworks */ = {
			isa = PBXFrameworksBuildPhase;
			buildActionMask = 2147483647;
			files = (
				C676CD3629CF0E6C005440B7 /* SVG2Path in Frameworks */,
			);
			runOnlyForDeploymentPostprocessing = 0;
		};
/* End PBXFrameworksBuildPhase section */

/* Begin PBXGroup section */
		C6460F9829CEF74100231370 = {
			isa = PBXGroup;
			children = (
				C6460FA329CEF74100231370 /* SVG-Animation */,
				C6460FA229CEF74100231370 /* Products */,
			);
			sourceTree = "<group>";
		};
		C6460FA229CEF74100231370 /* Products */ = {
			isa = PBXGroup;
			children = (
				C6460FA129CEF74100231370 /* SVG-Animation.app */,
			);
			name = Products;
			sourceTree = "<group>";
		};
		C6460FA329CEF74100231370 /* SVG-Animation */ = {
			isa = PBXGroup;
			children = (
				C6460FA429CEF74100231370 /* SVG_AnimationApp.swift */,
				C6460FA629CEF74100231370 /* ContentView.swift */,
				C6460FB729CEFA5300231370 /* ShapeView.swift */,
				C676CD3929CF10CA005440B7 /* Extensions */,
				C6460FA829CEF74200231370 /* Assets.xcassets */,
				C6460FAA29CEF74200231370 /* Preview Content */,
			);
			path = "SVG-Animation";
			sourceTree = "<group>";
		};
		C6460FAA29CEF74200231370 /* Preview Content */ = {
			isa = PBXGroup;
			children = (
				C6460FAB29CEF74200231370 /* Preview Assets.xcassets */,
			);
			path = "Preview Content";
			sourceTree = "<group>";
		};
		C676CD3929CF10CA005440B7 /* Extensions */ = {
			isa = PBXGroup;
			children = (
				C676CD3729CF1077005440B7 /* Path+Extension.swift */,
				C676CD3A29CF110F005440B7 /* SVG2Path+Extension.swift */,
				C676CD3C29CF1547005440B7 /* UIColor+Extension.swift */,
			);
			path = Extensions;
			sourceTree = "<group>";
		};
/* End PBXGroup section */

/* Begin PBXNativeTarget section */
		C6460FA029CEF74100231370 /* SVG-Animation */ = {
			isa = PBXNativeTarget;
			buildConfigurationList = C6460FAF29CEF74200231370 /* Build configuration list for PBXNativeTarget "SVG-Animation" */;
			buildPhases = (
				C6460F9D29CEF74100231370 /* Sources */,
				C6460F9E29CEF74100231370 /* Frameworks */,
				C6460F9F29CEF74100231370 /* Resources */,
			);
			buildRules = (
			);
			dependencies = (
			);
			name = "SVG-Animation";
			packageProductDependencies = (
				C676CD3529CF0E6C005440B7 /* SVG2Path */,
			);
			productName = "SVG-Animation";
			productReference = C6460FA129CEF74100231370 /* SVG-Animation.app */;
			productType = "com.apple.product-type.application";
		};
/* End PBXNativeTarget section */

/* Begin PBXProject section */
		C6460F9929CEF74100231370 /* Project object */ = {
			isa = PBXProject;
			attributes = {
				BuildIndependentTargetsInParallel = 1;
				LastSwiftUpdateCheck = 1420;
				LastUpgradeCheck = 1420;
				TargetAttributes = {
					C6460FA029CEF74100231370 = {
						CreatedOnToolsVersion = 14.2;
					};
				};
			};
			buildConfigurationList = C6460F9C29CEF74100231370 /* Build configuration list for PBXProject "SVG-Animation" */;
			compatibilityVersion = "Xcode 14.0";
			developmentRegion = en;
			hasScannedForEncodings = 0;
			knownRegions = (
				en,
				Base,
			);
			mainGroup = C6460F9829CEF74100231370;
			packageReferences = (
				C676CD3429CF0E6C005440B7 /* XCRemoteSwiftPackageReference "SVG2Path" */,
			);
			productRefGroup = C6460FA229CEF74100231370 /* Products */;
			projectDirPath = "";
			projectRoot = "";
			targets = (
				C6460FA029CEF74100231370 /* SVG-Animation */,
			);
		};
/* End PBXProject section */

/* Begin PBXResourcesBuildPhase section */
		C6460F9F29CEF74100231370 /* Resources */ = {
			isa = PBXResourcesBuildPhase;
			buildActionMask = 2147483647;
			files = (
				C6460FAC29CEF74200231370 /* Preview Assets.xcassets in Resources */,
				C6460FA929CEF74200231370 /* Assets.xcassets in Resources */,
			);
			runOnlyForDeploymentPostprocessing = 0;
		};
/* End PBXResourcesBuildPhase section */

/* Begin PBXSourcesBuildPhase section */
		C6460F9D29CEF74100231370 /* Sources */ = {
			isa = PBXSourcesBuildPhase;
			buildActionMask = 2147483647;
			files = (
				C676CD3B29CF110F005440B7 /* SVG2Path+Extension.swift in Sources */,
				C676CD3829CF1077005440B7 /* Path+Extension.swift in Sources */,
				C6460FB829CEFA5300231370 /* ShapeView.swift in Sources */,
				C676CD3D29CF1547005440B7 /* UIColor+Extension.swift in Sources */,
				C6460FA729CEF74100231370 /* ContentView.swift in Sources */,
				C6460FA529CEF74100231370 /* SVG_AnimationApp.swift in Sources */,
			);
			runOnlyForDeploymentPostprocessing = 0;
		};
/* End PBXSourcesBuildPhase section */

/* Begin XCBuildConfiguration section */
		C6460FAD29CEF74200231370 /* Debug */ = {
			isa = XCBuildConfiguration;
			buildSettings = {
				ALWAYS_SEARCH_USER_PATHS = NO;
				CLANG_ANALYZER_NONNULL = YES;
				CLANG_ANALYZER_NUMBER_OBJECT_CONVERSION = YES_AGGRESSIVE;
				CLANG_CXX_LANGUAGE_STANDARD = "gnu++20";
				CLANG_ENABLE_MODULES = YES;
				CLANG_ENABLE_OBJC_ARC = YES;
				CLANG_ENABLE_OBJC_WEAK = YES;
				CLANG_WARN_BLOCK_CAPTURE_AUTORELEASING = YES;
				CLANG_WARN_BOOL_CONVERSION = YES;
				CLANG_WARN_COMMA = YES;
				CLANG_WARN_CONSTANT_CONVERSION = YES;
				CLANG_WARN_DEPRECATED_OBJC_IMPLEMENTATIONS = YES;
				CLANG_WARN_DIRECT_OBJC_ISA_USAGE = YES_ERROR;
				CLANG_WARN_DOCUMENTATION_COMMENTS = YES;
				CLANG_WARN_EMPTY_BODY = YES;
				CLANG_WARN_ENUM_CONVERSION = YES;
				CLANG_WARN_INFINITE_RECURSION = YES;
				CLANG_WARN_INT_CONVERSION = YES;
				CLANG_WARN_NON_LITERAL_NULL_CONVERSION = YES;
				CLANG_WARN_OBJC_IMPLICIT_RETAIN_SELF = YES;
				CLANG_WARN_OBJC_LITERAL_CONVERSION = YES;
				CLANG_WARN_OBJC_ROOT_CLASS = YES_ERROR;
				CLANG_WARN_QUOTED_INCLUDE_IN_FRAMEWORK_HEADER = YES;
				CLANG_WARN_RANGE_LOOP_ANALYSIS = YES;
				CLANG_WARN_STRICT_PROTOTYPES = YES;
				CLANG_WARN_SUSPICIOUS_MOVE = YES;
				CLANG_WARN_UNGUARDED_AVAILABILITY = YES_AGGRESSIVE;
				CLANG_WARN_UNREACHABLE_CODE = YES;
				CLANG_WARN__DUPLICATE_METHOD_MATCH = YES;
				COPY_PHASE_STRIP = NO;
				DEBUG_INFORMATION_FORMAT = dwarf;
				ENABLE_STRICT_OBJC_MSGSEND = YES;
				ENABLE_TESTABILITY = YES;
				GCC_C_LANGUAGE_STANDARD = gnu11;
				GCC_DYNAMIC_NO_PIC = NO;
				GCC_NO_COMMON_BLOCKS = YES;
				GCC_OPTIMIZATION_LEVEL = 0;
				GCC_PREPROCESSOR_DEFINITIONS = (
					"DEBUG=1",
					"$(inherited)",
				);
				GCC_WARN_64_TO_32_BIT_CONVERSION = YES;
				GCC_WARN_ABOUT_RETURN_TYPE = YES_ERROR;
				GCC_WARN_UNDECLARED_SELECTOR = YES;
				GCC_WARN_UNINITIALIZED_AUTOS = YES_AGGRESSIVE;
				GCC_WARN_UNUSED_FUNCTION = YES;
				GCC_WARN_UNUSED_VARIABLE = YES;
				IPHONEOS_DEPLOYMENT_TARGET = 16.2;
				MTL_ENABLE_DEBUG_INFO = INCLUDE_SOURCE;
				MTL_FAST_MATH = YES;
				ONLY_ACTIVE_ARCH = YES;
				SDKROOT = iphoneos;
				SWIFT_ACTIVE_COMPILATION_CONDITIONS = DEBUG;
				SWIFT_OPTIMIZATION_LEVEL = "-Onone";
			};
			name = Debug;
		};
		C6460FAE29CEF74200231370 /* Release */ = {
			isa = XCBuildConfiguration;
			buildSettings = {
				ALWAYS_SEARCH_USER_PATHS = NO;
				CLANG_ANALYZER_NONNULL = YES;
				CLANG_ANALYZER_NUMBER_OBJECT_CONVERSION = YES_AGGRESSIVE;
				CLANG_CXX_LANGUAGE_STANDARD = "gnu++20";
				CLANG_ENABLE_MODULES = YES;
				CLANG_ENABLE_OBJC_ARC = YES;
				CLANG_ENABLE_OBJC_WEAK = YES;
				CLANG_WARN_BLOCK_CAPTURE_AUTORELEASING = YES;
				CLANG_WARN_BOOL_CONVERSION = YES;
				CLANG_WARN_COMMA = YES;
				CLANG_WARN_CONSTANT_CONVERSION = YES;
				CLANG_WARN_DEPRECATED_OBJC_IMPLEMENTATIONS = YES;
				CLANG_WARN_DIRECT_OBJC_ISA_USAGE = YES_ERROR;
				CLANG_WARN_DOCUMENTATION_COMMENTS = YES;
				CLANG_WARN_EMPTY_BODY = YES;
				CLANG_WARN_ENUM_CONVERSION = YES;
				CLANG_WARN_INFINITE_RECURSION = YES;
				CLANG_WARN_INT_CONVERSION = YES;
				CLANG_WARN_NON_LITERAL_NULL_CONVERSION = YES;
				CLANG_WARN_OBJC_IMPLICIT_RETAIN_SELF = YES;
				CLANG_WARN_OBJC_LITERAL_CONVERSION = YES;
				CLANG_WARN_OBJC_ROOT_CLASS = YES_ERROR;
				CLANG_WARN_QUOTED_INCLUDE_IN_FRAMEWORK_HEADER = YES;
				CLANG_WARN_RANGE_LOOP_ANALYSIS = YES;
				CLANG_WARN_STRICT_PROTOTYPES = YES;
				CLANG_WARN_SUSPICIOUS_MOVE = YES;
				CLANG_WARN_UNGUARDED_AVAILABILITY = YES_AGGRESSIVE;
				CLANG_WARN_UNREACHABLE_CODE = YES;
				CLANG_WARN__DUPLICATE_METHOD_MATCH = YES;
				COPY_PHASE_STRIP = NO;
				DEBUG_INFORMATION_FORMAT = "dwarf-with-dsym";
				ENABLE_NS_ASSERTIONS = NO;
				ENABLE_STRICT_OBJC_MSGSEND = YES;
				GCC_C_LANGUAGE_STANDARD = gnu11;
				GCC_NO_COMMON_BLOCKS = YES;
				GCC_WARN_64_TO_32_BIT_CONVERSION = YES;
				GCC_WARN_ABOUT_RETURN_TYPE = YES_ERROR;
				GCC_WARN_UNDECLARED_SELECTOR = YES;
				GCC_WARN_UNINITIALIZED_AUTOS = YES_AGGRESSIVE;
				GCC_WARN_UNUSED_FUNCTION = YES;
				GCC_WARN_UNUSED_VARIABLE = YES;
				IPHONEOS_DEPLOYMENT_TARGET = 16.2;
				MTL_ENABLE_DEBUG_INFO = NO;
				MTL_FAST_MATH = YES;
				SDKROOT = iphoneos;
				SWIFT_COMPILATION_MODE = wholemodule;
				SWIFT_OPTIMIZATION_LEVEL = "-O";
				VALIDATE_PRODUCT = YES;
			};
			name = Release;
		};
		C6460FB029CEF74200231370 /* Debug */ = {
			isa = XCBuildConfiguration;
			buildSettings = {
				ASSETCATALOG_COMPILER_APPICON_NAME = AppIcon;
				ASSETCATALOG_COMPILER_GLOBAL_ACCENT_COLOR_NAME = AccentColor;
				CODE_SIGN_STYLE = Automatic;
				CURRENT_PROJECT_VERSION = 1;
				DEVELOPMENT_ASSET_PATHS = "\"SVG-Animation/Preview Content\"";
				DEVELOPMENT_TEAM = 6JLYLDSW4U;
				ENABLE_PREVIEWS = YES;
				GENERATE_INFOPLIST_FILE = YES;
				INFOPLIST_KEY_UIApplicationSceneManifest_Generation = YES;
				INFOPLIST_KEY_UIApplicationSupportsIndirectInputEvents = YES;
				INFOPLIST_KEY_UILaunchScreen_Generation = YES;
				INFOPLIST_KEY_UISupportedInterfaceOrientations_iPad = "UIInterfaceOrientationPortrait UIInterfaceOrientationPortraitUpsideDown UIInterfaceOrientationLandscapeLeft UIInterfaceOrientationLandscapeRight";
				INFOPLIST_KEY_UISupportedInterfaceOrientations_iPhone = "UIInterfaceOrientationPortrait UIInterfaceOrientationLandscapeLeft UIInterfaceOrientationLandscapeRight";
				INFOPLIST_KEY_UIUserInterfaceStyle = Dark;
				LD_RUNPATH_SEARCH_PATHS = (
					"$(inherited)",
					"@executable_path/Frameworks",
				);
				MARKETING_VERSION = 1.0;
				PRODUCT_BUNDLE_IDENTIFIER = "geonwoo.SVG-Animation";
				PRODUCT_NAME = "$(TARGET_NAME)";
				SWIFT_EMIT_LOC_STRINGS = YES;
				SWIFT_VERSION = 5.0;
				TARGETED_DEVICE_FAMILY = "1,2";
			};
			name = Debug;
		};
		C6460FB129CEF74200231370 /* Release */ = {
			isa = XCBuildConfiguration;
			buildSettings = {
				ASSETCATALOG_COMPILER_APPICON_NAME = AppIcon;
				ASSETCATALOG_COMPILER_GLOBAL_ACCENT_COLOR_NAME = AccentColor;
				CODE_SIGN_STYLE = Automatic;
				CURRENT_PROJECT_VERSION = 1;
				DEVELOPMENT_ASSET_PATHS = "\"SVG-Animation/Preview Content\"";
				DEVELOPMENT_TEAM = 6JLYLDSW4U;
				ENABLE_PREVIEWS = YES;
				GENERATE_INFOPLIST_FILE = YES;
				INFOPLIST_KEY_UIApplicationSceneManifest_Generation = YES;
				INFOPLIST_KEY_UIApplicationSupportsIndirectInputEvents = YES;
				INFOPLIST_KEY_UILaunchScreen_Generation = YES;
				INFOPLIST_KEY_UISupportedInterfaceOrientations_iPad = "UIInterfaceOrientationPortrait UIInterfaceOrientationPortraitUpsideDown UIInterfaceOrientationLandscapeLeft UIInterfaceOrientationLandscapeRight";
				INFOPLIST_KEY_UISupportedInterfaceOrientations_iPhone = "UIInterfaceOrientationPortrait UIInterfaceOrientationLandscapeLeft UIInterfaceOrientationLandscapeRight";
				INFOPLIST_KEY_UIUserInterfaceStyle = Dark;
				LD_RUNPATH_SEARCH_PATHS = (
					"$(inherited)",
					"@executable_path/Frameworks",
				);
				MARKETING_VERSION = 1.0;
				PRODUCT_BUNDLE_IDENTIFIER = "geonwoo.SVG-Animation";
				PRODUCT_NAME = "$(TARGET_NAME)";
				SWIFT_EMIT_LOC_STRINGS = YES;
				SWIFT_VERSION = 5.0;
				TARGETED_DEVICE_FAMILY = "1,2";
			};
			name = Release;
		};
/* End XCBuildConfiguration section */

/* Begin XCConfigurationList section */
		C6460F9C29CEF74100231370 /* Build configuration list for PBXProject "SVG-Animation" */ = {
			isa = XCConfigurationList;
			buildConfigurations = (
				C6460FAD29CEF74200231370 /* Debug */,
				C6460FAE29CEF74200231370 /* Release */,
			);
			defaultConfigurationIsVisible = 0;
			defaultConfigurationName = Release;
		};
		C6460FAF29CEF74200231370 /* Build configuration list for PBXNativeTarget "SVG-Animation" */ = {
			isa = XCConfigurationList;
			buildConfigurations = (
				C6460FB029CEF74200231370 /* Debug */,
				C6460FB129CEF74200231370 /* Release */,
			);
			defaultConfigurationIsVisible = 0;
			defaultConfigurationName = Release;
		};
/* End XCConfigurationList section */

/* Begin XCRemoteSwiftPackageReference section */
		C676CD3429CF0E6C005440B7 /* XCRemoteSwiftPackageReference "SVG2Path" */ = {
			isa = XCRemoteSwiftPackageReference;
			repositoryURL = "https://github.com/Kyome22/SVG2Path?ref=iosexample.com";
			requirement = {
				branch = main;
				kind = branch;
			};
		};
/* End XCRemoteSwiftPackageReference section */

/* Begin XCSwiftPackageProductDependency section */
		C676CD3529CF0E6C005440B7 /* SVG2Path */ = {
			isa = XCSwiftPackageProductDependency;
			package = C676CD3429CF0E6C005440B7 /* XCRemoteSwiftPackageReference "SVG2Path" */;
			productName = SVG2Path;
		};
/* End XCSwiftPackageProductDependency section */
	};
	rootObject = C6460F9929CEF74100231370 /* Project object */;
}
